[[package]]
name = "advent2017"
version = "0.1.0"
dependencies = [
 "argparse 0.2.1 (registry+https://github.com/rust-lang/crates.io-index)",
 "itertools 0.7.4 (registry+https://github.com/rust-lang/crates.io-index)",
]

[[package]]
name = "argparse"
version = "0.2.1"
source = "registry+https://github.com/rust-lang/crates.io-index"

[[package]]
name = "either"
version = "1.4.0"
source = "registry+https://github.com/rust-lang/crates.io-index"

[[package]]
name = "itertools"
version = "0.7.4"
source = "registry+https://github.com/rust-lang/crates.io-index"
dependencies = [
 "either 1.4.0 (registry+https://github.com/rust-lang/crates.io-index)",
]

[metadata]
"checksum argparse 0.2.1 (registry+https://github.com/rust-lang/crates.io-index)" = "37bb99f5e39ee8b23b6e227f5b8f024207e8616f44aa4b8c76ecd828011667ef"
"checksum either 1.4.0 (registry+https://github.com/rust-lang/crates.io-index)" = "740178ddf48b1a9e878e6d6509a1442a2d42fd2928aae8e7a6f8a36fb01981b3"
"checksum itertools 0.7.4 (registry+https://github.com/rust-lang/crates.io-index)" = "947aa0b9bb417792efa3936c5dada2d680b3bc27ea6a88ffa062f4c4d86ef8c5"
